# THIS IS AN AUTOGENERATED FILE. DO NOT EDIT THIS FILE DIRECTLY.
# yarn lockfile v1


posix-getopt@^1.2.0:
  version "1.2.0"
  resolved "https://registry.yarnpkg.com/posix-getopt/-/posix-getopt-1.2.0.tgz#4aeeeb7dade66fca8a9365dda9f6b005741cb621"
  integrity sha1-Su7rfa3mb8qKk2XdqfawBXQctiE=

ramda@^0.26.0:
  version "0.26.0"
  resolved "https://registry.yarnpkg.com/ramda/-/ramda-0.26.0.tgz#3cbe059f5c18fbc0eb86f2396ab1f8320705424c"
  integrity sha512-maK1XqpgsOo5DwjhROjqDvpm1vkphLQbpleVv+b3t5Y9uOQ0t8hTHT582+mDs7RLrex1kd4lWYizNXWLVjsq9w==
